
Microsoft Visual Studio Solution File, Format Version 12.00
# Visual Studio Version 17
VisualStudioVersion = 17.0.31903.59
MinimumVisualStudioVersion = 10.0.40219.1
Project("{9A19103F-16F7-4668-BE54-9A1E7A4F7556}") = "Reach.Core", "src-lib\Reach.Core\Reach.Core.csproj", "{77BC5AB3-DA6E-4C41-861E-7318FCB66903}"
EndProject
Project("{9A19103F-16F7-4668-BE54-9A1E7A4F7556}") = "Reach.Apps.ContentApp", "src-applets\Reach.Apps.ContentApp\Reach.Apps.ContentApp.csproj", "{A7F969B4-D1EF-4AFC-9442-A4517A852441}"
EndProject
Project("{9A19103F-16F7-4668-BE54-9A1E7A4F7556}") = "Reach.Apps.PipelinesApp", "src-applets\Reach.Apps.PipelinesApp\Reach.Apps.PipelinesApp.csproj", "{7764A402-CB7F-4108-A35D-51DA47290F43}"
EndProject
Project("{9A19103F-16F7-4668-BE54-9A1E7A4F7556}") = "Reach.Apps.EndpointsApp", "src-applets\Reach.Apps.EndpointsApp\Reach.Apps.EndpointsApp.csproj", "{0B0BD070-6803-4638-933F-DF8D145ED783}"
EndProject
Project("{9A19103F-16F7-4668-BE54-9A1E7A4F7556}") = "Reach.AppHost", "src-aspire\Reach.AppHost\Reach.AppHost.csproj", "{3B2406F4-E347-4AAB-BAC6-3C90CF17A6C9}"
EndProject
Project("{2150E333-8FDC-42A3-9474-1A3956D46DE8}") = "0. Libraries", "0. Libraries", "{62050565-9F8C-45A9-BABD-4CAB6D686B83}"
EndProject
Project("{2150E333-8FDC-42A3-9474-1A3956D46DE8}") = "1. Core", "1. Core", "{32B998A1-DE49-4048-AB59-9451BB357EF8}"
EndProject
Project("{2150E333-8FDC-42A3-9474-1A3956D46DE8}") = "2. Applets", "2. Applets", "{2F2F3C91-C2B2-4AE2-9885-C44E0F313218}"
EndProject
Project("{2150E333-8FDC-42A3-9474-1A3956D46DE8}") = "3. Editor", "3. Editor", "{9638E84B-3944-418B-8152-A5164F0C45B5}"
EndProject
Project("{9A19103F-16F7-4668-BE54-9A1E7A4F7556}") = "Reach.Silo.Host", "src-cluster\Reach.Silo.Host\Reach.Silo.Host.csproj", "{6398C000-9A70-4B84-A73D-8F7CFA194791}"
EndProject
Project("{9A19103F-16F7-4668-BE54-9A1E7A4F7556}") = "Reach.ServiceDefaults", "src-aspire\Reach.ServiceDefaults\Reach.ServiceDefaults.csproj", "{6FAD313A-77D1-4637-93BA-0CB11C01BF8C}"
EndProject
Project("{9A19103F-16F7-4668-BE54-9A1E7A4F7556}") = "Reach.Apps.ContentApp.Components", "src-applets\Reach.Apps.ContentApp.Components\Reach.Apps.ContentApp.Components.csproj", "{0BB6F54F-9DEE-4F42-AB25-4C453213BAB5}"
EndProject
Project("{9A19103F-16F7-4668-BE54-9A1E7A4F7556}") = "Reach.Apps.EndpointsApp.Components", "src-applets\Reach.Apps.EndpointsApp.Components\Reach.Apps.EndpointsApp.Components.csproj", "{3AC3B1D6-8EA1-44F4-B15C-24D326F887EA}"
EndProject
Project("{9A19103F-16F7-4668-BE54-9A1E7A4F7556}") = "Reach.Apps.PipelinesApp.Components", "src-applets\Reach.Apps.PipelinesApp.Components\Reach.Apps.PipelinesApp.Components.csproj", "{4A3A56AC-08BB-490D-895F-256D4BE4B32A}"
EndProject
Project("{2150E333-8FDC-42A3-9474-1A3956D46DE8}") = "4. Silo & API", "4. Silo & API", "{5B7438F8-E10A-4FB4-B620-A857CDEB7295}"
EndProject
Project("{2150E333-8FDC-42A3-9474-1A3956D46DE8}") = "5. Aspire AppHost", "5. Aspire AppHost", "{6DF87CE6-D2E7-4258-BB36-56FDD7D4E66C}"
EndProject
Project("{9A19103F-16F7-4668-BE54-9A1E7A4F7556}") = "Reach.EditorApp.Core", "src-editor\Reach.EditorApp.Core\Reach.EditorApp.Core.csproj", "{62AFE1ED-750C-4D1A-879E-DDA83E58E67B}"
EndProject
Project("{9A19103F-16F7-4668-BE54-9A1E7A4F7556}") = "Reach.EditorApp", "src-editor\Reach.EditorApp\Reach.EditorApp.csproj", "{E4FAE8E6-5208-4AB4-A5FB-75F3E6999D89}"
EndProject
Project("{9A19103F-16F7-4668-BE54-9A1E7A4F7556}") = "Reach.EditorApp.Client", "src-editor\Reach.EditorApp.Client\Reach.EditorApp.Client.csproj", "{D4C6831C-B155-4275-828D-F5B26D64AD94}"
EndProject
Project("{9A19103F-16F7-4668-BE54-9A1E7A4F7556}") = "Reach.Silo.Core", "src-cluster\Reach.Silo.Core\Reach.Silo.Core.csproj", "{57BD9EC0-9B2B-44BD-8D3B-771930C75E88}"
EndProject
Project("{FAE04EC0-301F-11D3-BF4B-00C04F79EFBC}") = "Reach.Editors", "src-editor\Reach.Editors\Reach.Editors.csproj", "{14649999-7CA5-4D6D-AEE2-9A948DAB4EC8}"
EndProject
Project("{FAE04EC0-301F-11D3-BF4B-00C04F79EFBC}") = "Reach.Security", "src-lib\Reach.Security\Reach.Security.csproj", "{3BFEDBFA-A3C6-4CA0-B58F-633CC8543BA3}"
EndProject
Project("{FAE04EC0-301F-11D3-BF4B-00C04F79EFBC}") = "Reach.Membership.AzureTables", "src-lib\Reach.Membership.AzureTables\Reach.Membership.AzureTables.csproj", "{F1A2465C-42FC-45B7-A84C-C84B37CFBBC0}"
EndProject
Project("{FAE04EC0-301F-11D3-BF4B-00C04F79EFBC}") = "Reach.Components.Core", "src-lib\Reach.Components.Core\Reach.Components.Core.csproj", "{E2EF17A5-A7B5-4602-8C7A-5C35D4C34373}"
EndProject
Project("{2150E333-8FDC-42A3-9474-1A3956D46DE8}") = "a. Lib", "a. Lib", "{9D530131-7538-4398-BB3D-A6B21ED68BB7}"
EndProject
Project("{2150E333-8FDC-42A3-9474-1A3956D46DE8}") = "a. Content", "a. Content", "{A34AEED7-0AA4-4C68-9946-1AA1B7BA0086}"
EndProject
Project("{2150E333-8FDC-42A3-9474-1A3956D46DE8}") = "c. Endpoints", "c. Endpoints", "{0FC82E32-000E-4DC1-B59F-885E1134589F}"
EndProject
Project("{2150E333-8FDC-42A3-9474-1A3956D46DE8}") = "b. Pipelines", "b. Pipelines", "{039A28F9-5FCB-4784-A3B5-2FAA2F7D1A55}"
EndProject
Project("{FAE04EC0-301F-11D3-BF4B-00C04F79EFBC}") = "Reach.Membership.Postgres", "src-lib\Reach.Membership.Postgres\Reach.Membership.Postgres.csproj", "{A1C94D22-3996-4334-BF5A-A1DF2F4DC025}"
EndProject
Project("{FAE04EC0-301F-11D3-BF4B-00C04F79EFBC}") = "Reach.Silo.Tests", "src-cluster\Reach.Silo.Tests\Reach.Silo.Tests.csproj", "{E275ACA2-9842-45C9-8147-6365420522D4}"
EndProject
Global
	GlobalSection(SolutionConfigurationPlatforms) = preSolution
		Debug|Any CPU = Debug|Any CPU
		Release|Any CPU = Release|Any CPU
	EndGlobalSection
	GlobalSection(ProjectConfigurationPlatforms) = postSolution
		{77BC5AB3-DA6E-4C41-861E-7318FCB66903}.Debug|Any CPU.ActiveCfg = Debug|Any CPU
		{77BC5AB3-DA6E-4C41-861E-7318FCB66903}.Debug|Any CPU.Build.0 = Debug|Any CPU
		{77BC5AB3-DA6E-4C41-861E-7318FCB66903}.Release|Any CPU.ActiveCfg = Release|Any CPU
		{77BC5AB3-DA6E-4C41-861E-7318FCB66903}.Release|Any CPU.Build.0 = Release|Any CPU
		{A7F969B4-D1EF-4AFC-9442-A4517A852441}.Debug|Any CPU.ActiveCfg = Debug|Any CPU
		{A7F969B4-D1EF-4AFC-9442-A4517A852441}.Debug|Any CPU.Build.0 = Debug|Any CPU
		{A7F969B4-D1EF-4AFC-9442-A4517A852441}.Release|Any CPU.ActiveCfg = Release|Any CPU
		{A7F969B4-D1EF-4AFC-9442-A4517A852441}.Release|Any CPU.Build.0 = Release|Any CPU
		{7764A402-CB7F-4108-A35D-51DA47290F43}.Debug|Any CPU.ActiveCfg = Debug|Any CPU
		{7764A402-CB7F-4108-A35D-51DA47290F43}.Debug|Any CPU.Build.0 = Debug|Any CPU
		{7764A402-CB7F-4108-A35D-51DA47290F43}.Release|Any CPU.ActiveCfg = Release|Any CPU
		{7764A402-CB7F-4108-A35D-51DA47290F43}.Release|Any CPU.Build.0 = Release|Any CPU
		{0B0BD070-6803-4638-933F-DF8D145ED783}.Debug|Any CPU.ActiveCfg = Debug|Any CPU
		{0B0BD070-6803-4638-933F-DF8D145ED783}.Debug|Any CPU.Build.0 = Debug|Any CPU
		{0B0BD070-6803-4638-933F-DF8D145ED783}.Release|Any CPU.ActiveCfg = Release|Any CPU
		{0B0BD070-6803-4638-933F-DF8D145ED783}.Release|Any CPU.Build.0 = Release|Any CPU
		{3B2406F4-E347-4AAB-BAC6-3C90CF17A6C9}.Debug|Any CPU.ActiveCfg = Debug|Any CPU
		{3B2406F4-E347-4AAB-BAC6-3C90CF17A6C9}.Debug|Any CPU.Build.0 = Debug|Any CPU
		{3B2406F4-E347-4AAB-BAC6-3C90CF17A6C9}.Release|Any CPU.ActiveCfg = Release|Any CPU
		{3B2406F4-E347-4AAB-BAC6-3C90CF17A6C9}.Release|Any CPU.Build.0 = Release|Any CPU
		{6398C000-9A70-4B84-A73D-8F7CFA194791}.Debug|Any CPU.ActiveCfg = Debug|Any CPU
		{6398C000-9A70-4B84-A73D-8F7CFA194791}.Debug|Any CPU.Build.0 = Debug|Any CPU
		{6398C000-9A70-4B84-A73D-8F7CFA194791}.Release|Any CPU.ActiveCfg = Release|Any CPU
		{6398C000-9A70-4B84-A73D-8F7CFA194791}.Release|Any CPU.Build.0 = Release|Any CPU
		{6FAD313A-77D1-4637-93BA-0CB11C01BF8C}.Debug|Any CPU.ActiveCfg = Debug|Any CPU
		{6FAD313A-77D1-4637-93BA-0CB11C01BF8C}.Debug|Any CPU.Build.0 = Debug|Any CPU
		{6FAD313A-77D1-4637-93BA-0CB11C01BF8C}.Release|Any CPU.ActiveCfg = Release|Any CPU
		{6FAD313A-77D1-4637-93BA-0CB11C01BF8C}.Release|Any CPU.Build.0 = Release|Any CPU
		{0BB6F54F-9DEE-4F42-AB25-4C453213BAB5}.Debug|Any CPU.ActiveCfg = Debug|Any CPU
		{0BB6F54F-9DEE-4F42-AB25-4C453213BAB5}.Debug|Any CPU.Build.0 = Debug|Any CPU
		{0BB6F54F-9DEE-4F42-AB25-4C453213BAB5}.Release|Any CPU.ActiveCfg = Release|Any CPU
		{0BB6F54F-9DEE-4F42-AB25-4C453213BAB5}.Release|Any CPU.Build.0 = Release|Any CPU
		{3AC3B1D6-8EA1-44F4-B15C-24D326F887EA}.Debug|Any CPU.ActiveCfg = Debug|Any CPU
		{3AC3B1D6-8EA1-44F4-B15C-24D326F887EA}.Debug|Any CPU.Build.0 = Debug|Any CPU
		{3AC3B1D6-8EA1-44F4-B15C-24D326F887EA}.Release|Any CPU.ActiveCfg = Release|Any CPU
		{3AC3B1D6-8EA1-44F4-B15C-24D326F887EA}.Release|Any CPU.Build.0 = Release|Any CPU
		{4A3A56AC-08BB-490D-895F-256D4BE4B32A}.Debug|Any CPU.ActiveCfg = Debug|Any CPU
		{4A3A56AC-08BB-490D-895F-256D4BE4B32A}.Debug|Any CPU.Build.0 = Debug|Any CPU
		{4A3A56AC-08BB-490D-895F-256D4BE4B32A}.Release|Any CPU.ActiveCfg = Release|Any CPU
		{4A3A56AC-08BB-490D-895F-256D4BE4B32A}.Release|Any CPU.Build.0 = Release|Any CPU
		{62AFE1ED-750C-4D1A-879E-DDA83E58E67B}.Debug|Any CPU.ActiveCfg = Debug|Any CPU
		{62AFE1ED-750C-4D1A-879E-DDA83E58E67B}.Debug|Any CPU.Build.0 = Debug|Any CPU
		{62AFE1ED-750C-4D1A-879E-DDA83E58E67B}.Release|Any CPU.ActiveCfg = Release|Any CPU
		{62AFE1ED-750C-4D1A-879E-DDA83E58E67B}.Release|Any CPU.Build.0 = Release|Any CPU
		{E4FAE8E6-5208-4AB4-A5FB-75F3E6999D89}.Debug|Any CPU.ActiveCfg = Debug|Any CPU
		{E4FAE8E6-5208-4AB4-A5FB-75F3E6999D89}.Debug|Any CPU.Build.0 = Debug|Any CPU
		{E4FAE8E6-5208-4AB4-A5FB-75F3E6999D89}.Release|Any CPU.ActiveCfg = Release|Any CPU
		{E4FAE8E6-5208-4AB4-A5FB-75F3E6999D89}.Release|Any CPU.Build.0 = Release|Any CPU
		{D4C6831C-B155-4275-828D-F5B26D64AD94}.Debug|Any CPU.ActiveCfg = Debug|Any CPU
		{D4C6831C-B155-4275-828D-F5B26D64AD94}.Debug|Any CPU.Build.0 = Debug|Any CPU
		{D4C6831C-B155-4275-828D-F5B26D64AD94}.Release|Any CPU.ActiveCfg = Release|Any CPU
		{D4C6831C-B155-4275-828D-F5B26D64AD94}.Release|Any CPU.Build.0 = Release|Any CPU
		{57BD9EC0-9B2B-44BD-8D3B-771930C75E88}.Debug|Any CPU.ActiveCfg = Debug|Any CPU
		{57BD9EC0-9B2B-44BD-8D3B-771930C75E88}.Debug|Any CPU.Build.0 = Debug|Any CPU
		{57BD9EC0-9B2B-44BD-8D3B-771930C75E88}.Release|Any CPU.ActiveCfg = Release|Any CPU
		{57BD9EC0-9B2B-44BD-8D3B-771930C75E88}.Release|Any CPU.Build.0 = Release|Any CPU
		{14649999-7CA5-4D6D-AEE2-9A948DAB4EC8}.Debug|Any CPU.ActiveCfg = Debug|Any CPU
		{14649999-7CA5-4D6D-AEE2-9A948DAB4EC8}.Debug|Any CPU.Build.0 = Debug|Any CPU
		{14649999-7CA5-4D6D-AEE2-9A948DAB4EC8}.Release|Any CPU.ActiveCfg = Release|Any CPU
		{14649999-7CA5-4D6D-AEE2-9A948DAB4EC8}.Release|Any CPU.Build.0 = Release|Any CPU
		{3BFEDBFA-A3C6-4CA0-B58F-633CC8543BA3}.Debug|Any CPU.ActiveCfg = Debug|Any CPU
		{3BFEDBFA-A3C6-4CA0-B58F-633CC8543BA3}.Debug|Any CPU.Build.0 = Debug|Any CPU
		{3BFEDBFA-A3C6-4CA0-B58F-633CC8543BA3}.Release|Any CPU.ActiveCfg = Release|Any CPU
		{3BFEDBFA-A3C6-4CA0-B58F-633CC8543BA3}.Release|Any CPU.Build.0 = Release|Any CPU
		{F1A2465C-42FC-45B7-A84C-C84B37CFBBC0}.Debug|Any CPU.ActiveCfg = Debug|Any CPU
		{F1A2465C-42FC-45B7-A84C-C84B37CFBBC0}.Debug|Any CPU.Build.0 = Debug|Any CPU
		{F1A2465C-42FC-45B7-A84C-C84B37CFBBC0}.Release|Any CPU.ActiveCfg = Release|Any CPU
		{F1A2465C-42FC-45B7-A84C-C84B37CFBBC0}.Release|Any CPU.Build.0 = Release|Any CPU
		{E2EF17A5-A7B5-4602-8C7A-5C35D4C34373}.Debug|Any CPU.ActiveCfg = Debug|Any CPU
		{E2EF17A5-A7B5-4602-8C7A-5C35D4C34373}.Debug|Any CPU.Build.0 = Debug|Any CPU
		{E2EF17A5-A7B5-4602-8C7A-5C35D4C34373}.Release|Any CPU.ActiveCfg = Release|Any CPU
		{E2EF17A5-A7B5-4602-8C7A-5C35D4C34373}.Release|Any CPU.Build.0 = Release|Any CPU
		{A1C94D22-3996-4334-BF5A-A1DF2F4DC025}.Debug|Any CPU.ActiveCfg = Debug|Any CPU
		{A1C94D22-3996-4334-BF5A-A1DF2F4DC025}.Debug|Any CPU.Build.0 = Debug|Any CPU
		{A1C94D22-3996-4334-BF5A-A1DF2F4DC025}.Release|Any CPU.ActiveCfg = Release|Any CPU
		{A1C94D22-3996-4334-BF5A-A1DF2F4DC025}.Release|Any CPU.Build.0 = Release|Any CPU
		{E275ACA2-9842-45C9-8147-6365420522D4}.Debug|Any CPU.ActiveCfg = Debug|Any CPU
		{E275ACA2-9842-45C9-8147-6365420522D4}.Debug|Any CPU.Build.0 = Debug|Any CPU
		{E275ACA2-9842-45C9-8147-6365420522D4}.Release|Any CPU.ActiveCfg = Release|Any CPU
		{E275ACA2-9842-45C9-8147-6365420522D4}.Release|Any CPU.Build.0 = Release|Any CPU
	EndGlobalSection
	GlobalSection(SolutionProperties) = preSolution
		HideSolutionNode = FALSE
	EndGlobalSection
	GlobalSection(NestedProjects) = preSolution
		{77BC5AB3-DA6E-4C41-861E-7318FCB66903} = {32B998A1-DE49-4048-AB59-9451BB357EF8}
		{A7F969B4-D1EF-4AFC-9442-A4517A852441} = {A34AEED7-0AA4-4C68-9946-1AA1B7BA0086}
		{7764A402-CB7F-4108-A35D-51DA47290F43} = {039A28F9-5FCB-4784-A3B5-2FAA2F7D1A55}
		{0B0BD070-6803-4638-933F-DF8D145ED783} = {0FC82E32-000E-4DC1-B59F-885E1134589F}
		{3B2406F4-E347-4AAB-BAC6-3C90CF17A6C9} = {6DF87CE6-D2E7-4258-BB36-56FDD7D4E66C}
		{6398C000-9A70-4B84-A73D-8F7CFA194791} = {5B7438F8-E10A-4FB4-B620-A857CDEB7295}
		{6FAD313A-77D1-4637-93BA-0CB11C01BF8C} = {6DF87CE6-D2E7-4258-BB36-56FDD7D4E66C}
		{0BB6F54F-9DEE-4F42-AB25-4C453213BAB5} = {A34AEED7-0AA4-4C68-9946-1AA1B7BA0086}
		{3AC3B1D6-8EA1-44F4-B15C-24D326F887EA} = {0FC82E32-000E-4DC1-B59F-885E1134589F}
		{4A3A56AC-08BB-490D-895F-256D4BE4B32A} = {039A28F9-5FCB-4784-A3B5-2FAA2F7D1A55}
		{62AFE1ED-750C-4D1A-879E-DDA83E58E67B} = {9D530131-7538-4398-BB3D-A6B21ED68BB7}
		{E4FAE8E6-5208-4AB4-A5FB-75F3E6999D89} = {9638E84B-3944-418B-8152-A5164F0C45B5}
		{D4C6831C-B155-4275-828D-F5B26D64AD94} = {9638E84B-3944-418B-8152-A5164F0C45B5}
		{57BD9EC0-9B2B-44BD-8D3B-771930C75E88} = {5B7438F8-E10A-4FB4-B620-A857CDEB7295}
		{14649999-7CA5-4D6D-AEE2-9A948DAB4EC8} = {9D530131-7538-4398-BB3D-A6B21ED68BB7}
		{3BFEDBFA-A3C6-4CA0-B58F-633CC8543BA3} = {32B998A1-DE49-4048-AB59-9451BB357EF8}
		{F1A2465C-42FC-45B7-A84C-C84B37CFBBC0} = {32B998A1-DE49-4048-AB59-9451BB357EF8}
		{E2EF17A5-A7B5-4602-8C7A-5C35D4C34373} = {32B998A1-DE49-4048-AB59-9451BB357EF8}
		{9D530131-7538-4398-BB3D-A6B21ED68BB7} = {9638E84B-3944-418B-8152-A5164F0C45B5}
		{A34AEED7-0AA4-4C68-9946-1AA1B7BA0086} = {2F2F3C91-C2B2-4AE2-9885-C44E0F313218}
		{0FC82E32-000E-4DC1-B59F-885E1134589F} = {2F2F3C91-C2B2-4AE2-9885-C44E0F313218}
		{039A28F9-5FCB-4784-A3B5-2FAA2F7D1A55} = {2F2F3C91-C2B2-4AE2-9885-C44E0F313218}
		{A1C94D22-3996-4334-BF5A-A1DF2F4DC025} = {32B998A1-DE49-4048-AB59-9451BB357EF8}
		{E275ACA2-9842-45C9-8147-6365420522D4} = {5B7438F8-E10A-4FB4-B620-A857CDEB7295}
	EndGlobalSection
	GlobalSection(ExtensibilityGlobals) = postSolution
		SolutionGuid = {CBBA56FA-0834-4BE5-A0D7-CD6705D6D700}
	EndGlobalSection
EndGlobal
